// !$*UTF8*$!
{
	archiveVersion = 1;
	classes = {
	};
	objectVersion = 55;
	objects = {

/* Begin PBXBuildFile section */
		AD4AD7A3292D4A6D00B47608 /* AppDelegate.swift in Sources */ = {isa = PBXBuildFile; fileRef = AD4AD7A2292D4A6D00B47608 /* AppDelegate.swift */; };
		AD4AD7A5292D4A6D00B47608 /* ViewController.swift in Sources */ = {isa = PBXBuildFile; fileRef = AD4AD7A4292D4A6D00B47608 /* ViewController.swift */; };
		AD4AD7A7292D4A6F00B47608 /* Assets.xcassets in Resources */ = {isa = PBXBuildFile; fileRef = AD4AD7A6292D4A6F00B47608 /* Assets.xcassets */; };
		AD4AD7AA292D4A6F00B47608 /* Main.storyboard in Resources */ = {isa = PBXBuildFile; fileRef = AD4AD7A8292D4A6F00B47608 /* Main.storyboard */; };
		AD4AD7B5292D4A6F00B47608 /* PiupiuTests.swift in Sources */ = {isa = PBXBuildFile; fileRef = AD4AD7B4292D4A6F00B47608 /* PiupiuTests.swift */; };
		AD4AD7BF292D4A7000B47608 /* PiupiuUITests.swift in Sources */ = {isa = PBXBuildFile; fileRef = AD4AD7BE292D4A7000B47608 /* PiupiuUITests.swift */; };
		AD4AD7C1292D4A7000B47608 /* PiupiuUITestsLaunchTests.swift in Sources */ = {isa = PBXBuildFile; fileRef = AD4AD7C0292D4A7000B47608 /* PiupiuUITestsLaunchTests.swift */; };
/* End PBXBuildFile section */

/* Begin PBXContainerItemProxy section */
		AD4AD7B1292D4A6F00B47608 /* PBXContainerItemProxy */ = {
			isa = PBXContainerItemProxy;
			containerPortal = AD4AD797292D4A6D00B47608 /* Project object */;
			proxyType = 1;
			remoteGlobalIDString = AD4AD79E292D4A6D00B47608;
			remoteInfo = Piupiu;
		};
		AD4AD7BB292D4A6F00B47608 /* PBXContainerItemProxy */ = {
			isa = PBXContainerItemProxy;
			containerPortal = AD4AD797292D4A6D00B47608 /* Project object */;
			proxyType = 1;
			remoteGlobalIDString = AD4AD79E292D4A6D00B47608;
			remoteInfo = Piupiu;
		};
/* End PBXContainerItemProxy section */

/* Begin PBXFileReference section */
		AD4AD79F292D4A6D00B47608 /* PiuPiu.app */ = {isa = PBXFileReference; explicitFileType = wrapper.application; includeInIndex = 0; path = PiuPiu.app; sourceTree = BUILT_PRODUCTS_DIR; };
		AD4AD7A2292D4A6D00B47608 /* AppDelegate.swift */ = {isa = PBXFileReference; lastKnownFileType = sourcecode.swift; path = AppDelegate.swift; sourceTree = "<group>"; };
		AD4AD7A4292D4A6D00B47608 /* ViewController.swift */ = {isa = PBXFileReference; lastKnownFileType = sourcecode.swift; path = ViewController.swift; sourceTree = "<group>"; };
		AD4AD7A6292D4A6F00B47608 /* Assets.xcassets */ = {isa = PBXFileReference; lastKnownFileType = folder.assetcatalog; path = Assets.xcassets; sourceTree = "<group>"; };
		AD4AD7A9292D4A6F00B47608 /* Base */ = {isa = PBXFileReference; lastKnownFileType = file.storyboard; name = Base; path = Base.lproj/Main.storyboard; sourceTree = "<group>"; };
		AD4AD7AB292D4A6F00B47608 /* Piupiu.entitlements */ = {isa = PBXFileReference; lastKnownFileType = text.plist.entitlements; path = Piupiu.entitlements; sourceTree = "<group>"; };
		AD4AD7B0292D4A6F00B47608 /* PiupiuTests.xctest */ = {isa = PBXFileReference; explicitFileType = wrapper.cfbundle; includeInIndex = 0; path = PiupiuTests.xctest; sourceTree = BUILT_PRODUCTS_DIR; };
		AD4AD7B4292D4A6F00B47608 /* PiupiuTests.swift */ = {isa = PBXFileReference; lastKnownFileType = sourcecode.swift; path = PiupiuTests.swift; sourceTree = "<group>"; };
		AD4AD7BA292D4A6F00B47608 /* PiupiuUITests.xctest */ = {isa = PBXFileReference; explicitFileType = wrapper.cfbundle; includeInIndex = 0; path = PiupiuUITests.xctest; sourceTree = BUILT_PRODUCTS_DIR; };
		AD4AD7BE292D4A7000B47608 /* PiupiuUITests.swift */ = {isa = PBXFileReference; lastKnownFileType = sourcecode.swift; path = PiupiuUITests.swift; sourceTree = "<group>"; };
		AD4AD7C0292D4A7000B47608 /* PiupiuUITestsLaunchTests.swift */ = {isa = PBXFileReference; lastKnownFileType = sourcecode.swift; path = PiupiuUITestsLaunchTests.swift; sourceTree = "<group>"; };
/* End PBXFileReference section */

/* Begin PBXFrameworksBuildPhase section */
		AD4AD79C292D4A6D00B47608 /* Frameworks */ = {
			isa = PBXFrameworksBuildPhase;
			buildActionMask = 2147483647;
			files = (
			);
			runOnlyForDeploymentPostprocessing = 0;
		};
		AD4AD7AD292D4A6F00B47608 /* Frameworks */ = {
			isa = PBXFrameworksBuildPhase;
			buildActionMask = 2147483647;
			files = (
			);
			runOnlyForDeploymentPostprocessing = 0;
		};
		AD4AD7B7292D4A6F00B47608 /* Frameworks */ = {
			isa = PBXFrameworksBuildPhase;
			buildActionMask = 2147483647;
			files = (
			);
			runOnlyForDeploymentPostprocessing = 0;
		};
/* End PBXFrameworksBuildPhase section */

/* Begin PBXGroup section */
		AD4AD796292D4A6D00B47608 = {
			isa = PBXGroup;
			children = (
				AD4AD7A1292D4A6D00B47608 /* Piupiu */,
				AD4AD7B3292D4A6F00B47608 /* PiupiuTests */,
				AD4AD7BD292D4A7000B47608 /* PiupiuUITests */,
				AD4AD7A0292D4A6D00B47608 /* Products */,
			);
			sourceTree = "<group>";
		};
		AD4AD7A0292D4A6D00B47608 /* Products */ = {
			isa = PBXGroup;
			children = (
				AD4AD79F292D4A6D00B47608 /* PiuPiu.app */,
				AD4AD7B0292D4A6F00B47608 /* PiupiuTests.xctest */,
				AD4AD7BA292D4A6F00B47608 /* PiupiuUITests.xctest */,
			);
			name = Products;
			sourceTree = "<group>";
		};
		AD4AD7A1292D4A6D00B47608 /* Piupiu */ = {
			isa = PBXGroup;
			children = (
				AD4AD7A2292D4A6D00B47608 /* AppDelegate.swift */,
				AD4AD7A4292D4A6D00B47608 /* ViewController.swift */,
				AD4AD7A6292D4A6F00B47608 /* Assets.xcassets */,
				AD4AD7A8292D4A6F00B47608 /* Main.storyboard */,
				AD4AD7AB292D4A6F00B47608 /* Piupiu.entitlements */,
			);
			path = Piupiu;
			sourceTree = "<group>";
		};
		AD4AD7B3292D4A6F00B47608 /* PiupiuTests */ = {
			isa = PBXGroup;
			children = (
				AD4AD7B4292D4A6F00B47608 /* PiupiuTests.swift */,
			);
			path = PiupiuTests;
			sourceTree = "<group>";
		};
		AD4AD7BD292D4A7000B47608 /* PiupiuUITests */ = {
			isa = PBXGroup;
			children = (
				AD4AD7BE292D4A7000B47608 /* PiupiuUITests.swift */,
				AD4AD7C0292D4A7000B47608 /* PiupiuUITestsLaunchTests.swift */,
			);
			path = PiupiuUITests;
			sourceTree = "<group>";
		};
/* End PBXGroup section */

/* Begin PBXNativeTarget section */
		AD4AD79E292D4A6D00B47608 /* Piupiu */ = {
			isa = PBXNativeTarget;
			buildConfigurationList = AD4AD7C4292D4A7000B47608 /* Build configuration list for PBXNativeTarget "Piupiu" */;
			buildPhases = (
				AD4AD79B292D4A6D00B47608 /* Sources */,
				AD4AD79C292D4A6D00B47608 /* Frameworks */,
				AD4AD79D292D4A6D00B47608 /* Resources */,
			);
			buildRules = (
			);
			dependencies = (
			);
			name = Piupiu;
			productName = Piupiu;
			productReference = AD4AD79F292D4A6D00B47608 /* PiuPiu.app */;
			productType = "com.apple.product-type.application";
		};
		AD4AD7AF292D4A6F00B47608 /* PiupiuTests */ = {
			isa = PBXNativeTarget;
			buildConfigurationList = AD4AD7C7292D4A7000B47608 /* Build configuration list for PBXNativeTarget "PiupiuTests" */;
			buildPhases = (
				AD4AD7AC292D4A6F00B47608 /* Sources */,
				AD4AD7AD292D4A6F00B47608 /* Frameworks */,
				AD4AD7AE292D4A6F00B47608 /* Resources */,
			);
			buildRules = (
			);
			dependencies = (
				AD4AD7B2292D4A6F00B47608 /* PBXTargetDependency */,
			);
			name = PiupiuTests;
			productName = PiupiuTests;
			productReference = AD4AD7B0292D4A6F00B47608 /* PiupiuTests.xctest */;
			productType = "com.apple.product-type.bundle.unit-test";
		};
		AD4AD7B9292D4A6F00B47608 /* PiupiuUITests */ = {
			isa = PBXNativeTarget;
			buildConfigurationList = AD4AD7CA292D4A7000B47608 /* Build configuration list for PBXNativeTarget "PiupiuUITests" */;
			buildPhases = (
				AD4AD7B6292D4A6F00B47608 /* Sources */,
				AD4AD7B7292D4A6F00B47608 /* Frameworks */,
				AD4AD7B8292D4A6F00B47608 /* Resources */,
			);
			buildRules = (
			);
			dependencies = (
				AD4AD7BC292D4A6F00B47608 /* PBXTargetDependency */,
			);
			name = PiupiuUITests;
			productName = PiupiuUITests;
			productReference = AD4AD7BA292D4A6F00B47608 /* PiupiuUITests.xctest */;
			productType = "com.apple.product-type.bundle.ui-testing";
		};
/* End PBXNativeTarget section */

/* Begin PBXProject section */
		AD4AD797292D4A6D00B47608 /* Project object */ = {
			isa = PBXProject;
			attributes = {
				BuildIndependentTargetsInParallel = 1;
				LastSwiftUpdateCheck = 1320;
				LastUpgradeCheck = 1320;
				TargetAttributes = {
					AD4AD79E292D4A6D00B47608 = {
						CreatedOnToolsVersion = 13.2.1;
					};
					AD4AD7AF292D4A6F00B47608 = {
						CreatedOnToolsVersion = 13.2.1;
						TestTargetID = AD4AD79E292D4A6D00B47608;
					};
					AD4AD7B9292D4A6F00B47608 = {
						CreatedOnToolsVersion = 13.2.1;
						TestTargetID = AD4AD79E292D4A6D00B47608;
					};
				};
			};
			buildConfigurationList = AD4AD79A292D4A6D00B47608 /* Build configuration list for PBXProject "Piupiu" */;
			compatibilityVersion = "Xcode 13.0";
			developmentRegion = en;
			hasScannedForEncodings = 0;
			knownRegions = (
				en,
				Base,
			);
			mainGroup = AD4AD796292D4A6D00B47608;
			productRefGroup = AD4AD7A0292D4A6D00B47608 /* Products */;
			projectDirPath = "";
			projectRoot = "";
			targets = (
				AD4AD79E292D4A6D00B47608 /* Piupiu */,
				AD4AD7AF292D4A6F00B47608 /* PiupiuTests */,
				AD4AD7B9292D4A6F00B47608 /* PiupiuUITests */,
			);
		};
/* End PBXProject section */

/* Begin PBXResourcesBuildPhase section */
		AD4AD79D292D4A6D00B47608 /* Resources */ = {
			isa = PBXResourcesBuildPhase;
			buildActionMask = 2147483647;
			files = (
				AD4AD7A7292D4A6F00B47608 /* Assets.xcassets in Resources */,
				AD4AD7AA292D4A6F00B47608 /* Main.storyboard in Resources */,
			);
			runOnlyForDeploymentPostprocessing = 0;
		};
		AD4AD7AE292D4A6F00B47608 /* Resources */ = {
			isa = PBXResourcesBuildPhase;
			buildActionMask = 2147483647;
			files = (
			);
			runOnlyForDeploymentPostprocessing = 0;
		};
		AD4AD7B8292D4A6F00B47608 /* Resources */ = {
			isa = PBXResourcesBuildPhase;
			buildActionMask = 2147483647;
			files = (
			);
			runOnlyForDeploymentPostprocessing = 0;
		};
/* End PBXResourcesBuildPhase section */

/* Begin PBXSourcesBuildPhase section */
		AD4AD79B292D4A6D00B47608 /* Sources */ = {
			isa = PBXSourcesBuildPhase;
			buildActionMask = 2147483647;
			files = (
				AD4AD7A5292D4A6D00B47608 /* ViewController.swift in Sources */,
				AD4AD7A3292D4A6D00B47608 /* AppDelegate.swift in Sources */,
			);
			runOnlyForDeploymentPostprocessing = 0;
		};
		AD4AD7AC292D4A6F00B47608 /* Sources */ = {
			isa = PBXSourcesBuildPhase;
			buildActionMask = 2147483647;
			files = (
				AD4AD7B5292D4A6F00B47608 /* PiupiuTests.swift in Sources */,
			);
			runOnlyForDeploymentPostprocessing = 0;
		};
		AD4AD7B6292D4A6F00B47608 /* Sources */ = {
			isa = PBXSourcesBuildPhase;
			buildActionMask = 2147483647;
			files = (
				AD4AD7C1292D4A7000B47608 /* PiupiuUITestsLaunchTests.swift in Sources */,
				AD4AD7BF292D4A7000B47608 /* PiupiuUITests.swift in Sources */,
			);
			runOnlyForDeploymentPostprocessing = 0;
		};
/* End PBXSourcesBuildPhase section */

/* Begin PBXTargetDependency section */
		AD4AD7B2292D4A6F00B47608 /* PBXTargetDependency */ = {
			isa = PBXTargetDependency;
			target = AD4AD79E292D4A6D00B47608 /* Piupiu */;
			targetProxy = AD4AD7B1292D4A6F00B47608 /* PBXContainerItemProxy */;
		};
		AD4AD7BC292D4A6F00B47608 /* PBXTargetDependency */ = {
			isa = PBXTargetDependency;
			target = AD4AD79E292D4A6D00B47608 /* Piupiu */;
			targetProxy = AD4AD7BB292D4A6F00B47608 /* PBXContainerItemProxy */;
		};
/* End PBXTargetDependency section */

/* Begin PBXVariantGroup section */
		AD4AD7A8292D4A6F00B47608 /* Main.storyboard */ = {
			isa = PBXVariantGroup;
			children = (
				AD4AD7A9292D4A6F00B47608 /* Base */,
			);
			name = Main.storyboard;
			sourceTree = "<group>";
		};
/* End PBXVariantGroup section */

/* Begin XCBuildConfiguration section */
		AD4AD7C2292D4A7000B47608 /* Debug */ = {
			isa = XCBuildConfiguration;
			buildSettings = {
				ALWAYS_SEARCH_USER_PATHS = NO;
				CLANG_ANALYZER_NONNULL = YES;
				CLANG_ANALYZER_NUMBER_OBJECT_CONVERSION = YES_AGGRESSIVE;
				CLANG_CXX_LANGUAGE_STANDARD = "gnu++17";
				CLANG_CXX_LIBRARY = "libc++";
				CLANG_ENABLE_MODULES = YES;
				CLANG_ENABLE_OBJC_ARC = YES;
				CLANG_ENABLE_OBJC_WEAK = YES;
				CLANG_WARN_BLOCK_CAPTURE_AUTORELEASING = YES;
				CLANG_WARN_BOOL_CONVERSION = YES;
				CLANG_WARN_COMMA = YES;
				CLANG_WARN_CONSTANT_CONVERSION = YES;
				CLANG_WARN_DEPRECATED_OBJC_IMPLEMENTATIONS = YES;
				CLANG_WARN_DIRECT_OBJC_ISA_USAGE = YES_ERROR;
				CLANG_WARN_DOCUMENTATION_COMMENTS = YES;
				CLANG_WARN_EMPTY_BODY = YES;
				CLANG_WARN_ENUM_CONVERSION = YES;
				CLANG_WARN_INFINITE_RECURSION = YES;
				CLANG_WARN_INT_CONVERSION = YES;
				CLANG_WARN_NON_LITERAL_NULL_CONVERSION = YES;
				CLANG_WARN_OBJC_IMPLICIT_RETAIN_SELF = YES;
				CLANG_WARN_OBJC_LITERAL_CONVERSION = YES;
				CLANG_WARN_OBJC_ROOT_CLASS = YES_ERROR;
				CLANG_WARN_QUOTED_INCLUDE_IN_FRAMEWORK_HEADER = YES;
				CLANG_WARN_RANGE_LOOP_ANALYSIS = YES;
				CLANG_WARN_STRICT_PROTOTYPES = YES;
				CLANG_WARN_SUSPICIOUS_MOVE = YES;
				CLANG_WARN_UNGUARDED_AVAILABILITY = YES_AGGRESSIVE;
				CLANG_WARN_UNREACHABLE_CODE = YES;
				CLANG_WARN__DUPLICATE_METHOD_MATCH = YES;
				COPY_PHASE_STRIP = NO;
				DEBUG_INFORMATION_FORMAT = dwarf;
				ENABLE_STRICT_OBJC_MSGSEND = YES;
				ENABLE_TESTABILITY = YES;
				GCC_C_LANGUAGE_STANDARD = gnu11;
				GCC_DYNAMIC_NO_PIC = NO;
				GCC_NO_COMMON_BLOCKS = YES;
				GCC_OPTIMIZATION_LEVEL = 0;
				GCC_PREPROCESSOR_DEFINITIONS = (
					"DEBUG=1",
					"$(inherited)",
				);
				GCC_WARN_64_TO_32_BIT_CONVERSION = YES;
				GCC_WARN_ABOUT_RETURN_TYPE = YES_ERROR;
				GCC_WARN_UNDECLARED_SELECTOR = YES;
				GCC_WARN_UNINITIALIZED_AUTOS = YES_AGGRESSIVE;
				GCC_WARN_UNUSED_FUNCTION = YES;
				GCC_WARN_UNUSED_VARIABLE = YES;
				MACOSX_DEPLOYMENT_TARGET = 11.7;
				MTL_ENABLE_DEBUG_INFO = INCLUDE_SOURCE;
				MTL_FAST_MATH = YES;
				ONLY_ACTIVE_ARCH = YES;
				SDKROOT = macosx;
				SWIFT_ACTIVE_COMPILATION_CONDITIONS = DEBUG;
				SWIFT_OPTIMIZATION_LEVEL = "-Onone";
			};
			name = Debug;
		};
		AD4AD7C3292D4A7000B47608 /* Release */ = {
			isa = XCBuildConfiguration;
			buildSettings = {
				ALWAYS_SEARCH_USER_PATHS = NO;
				CLANG_ANALYZER_NONNULL = YES;
				CLANG_ANALYZER_NUMBER_OBJECT_CONVERSION = YES_AGGRESSIVE;
				CLANG_CXX_LANGUAGE_STANDARD = "gnu++17";
				CLANG_CXX_LIBRARY = "libc++";
				CLANG_ENABLE_MODULES = YES;
				CLANG_ENABLE_OBJC_ARC = YES;
				CLANG_ENABLE_OBJC_WEAK = YES;
				CLANG_WARN_BLOCK_CAPTURE_AUTORELEASING = YES;
				CLANG_WARN_BOOL_CONVERSION = YES;
				CLANG_WARN_COMMA = YES;
				CLANG_WARN_CONSTANT_CONVERSION = YES;
				CLANG_WARN_DEPRECATED_OBJC_IMPLEMENTATIONS = YES;
				CLANG_WARN_DIRECT_OBJC_ISA_USAGE = YES_ERROR;
				CLANG_WARN_DOCUMENTATION_COMMENTS = YES;
				CLANG_WARN_EMPTY_BODY = YES;
				CLANG_WARN_ENUM_CONVERSION = YES;
				CLANG_WARN_INFINITE_RECURSION = YES;
				CLANG_WARN_INT_CONVERSION = YES;
				CLANG_WARN_NON_LITERAL_NULL_CONVERSION = YES;
				CLANG_WARN_OBJC_IMPLICIT_RETAIN_SELF = YES;
				CLANG_WARN_OBJC_LITERAL_CONVERSION = YES;
				CLANG_WARN_OBJC_ROOT_CLASS = YES_ERROR;
				CLANG_WARN_QUOTED_INCLUDE_IN_FRAMEWORK_HEADER = YES;
				CLANG_WARN_RANGE_LOOP_ANALYSIS = YES;
				CLANG_WARN_STRICT_PROTOTYPES = YES;
				CLANG_WARN_SUSPICIOUS_MOVE = YES;
				CLANG_WARN_UNGUARDED_AVAILABILITY = YES_AGGRESSIVE;
				CLANG_WARN_UNREACHABLE_CODE = YES;
				CLANG_WARN__DUPLICATE_METHOD_MATCH = YES;
				COPY_PHASE_STRIP = NO;
				DEBUG_INFORMATION_FORMAT = "dwarf-with-dsym";
				ENABLE_NS_ASSERTIONS = NO;
				ENABLE_STRICT_OBJC_MSGSEND = YES;
				GCC_C_LANGUAGE_STANDARD = gnu11;
				GCC_NO_COMMON_BLOCKS = YES;
				GCC_WARN_64_TO_32_BIT_CONVERSION = YES;
				GCC_WARN_ABOUT_RETURN_TYPE = YES_ERROR;
				GCC_WARN_UNDECLARED_SELECTOR = YES;
				GCC_WARN_UNINITIALIZED_AUTOS = YES_AGGRESSIVE;
				GCC_WARN_UNUSED_FUNCTION = YES;
				GCC_WARN_UNUSED_VARIABLE = YES;
				MACOSX_DEPLOYMENT_TARGET = 11.7;
				MTL_ENABLE_DEBUG_INFO = NO;
				MTL_FAST_MATH = YES;
				SDKROOT = macosx;
				SWIFT_COMPILATION_MODE = wholemodule;
				SWIFT_OPTIMIZATION_LEVEL = "-O";
			};
			name = Release;
		};
		AD4AD7C5292D4A7000B47608 /* Debug */ = {
			isa = XCBuildConfiguration;
			buildSettings = {
				ASSETCATALOG_COMPILER_APPICON_NAME = AppIcon;
				ASSETCATALOG_COMPILER_GLOBAL_ACCENT_COLOR_NAME = AccentColor;
				ASSETCATALOG_COMPILER_INCLUDE_ALL_APPICON_ASSETS = YES;
				CODE_SIGN_ENTITLEMENTS = Piupiu/Piupiu.entitlements;
				CODE_SIGN_STYLE = Automatic;
				COMBINE_HIDPI_IMAGES = YES;
				CURRENT_PROJECT_VERSION = 1;
				DEVELOPMENT_TEAM = Y545FNA4F8;
				ENABLE_HARDENED_RUNTIME = YES;
				GENERATE_INFOPLIST_FILE = YES;
				INFOPLIST_KEY_LSApplicationCategoryType = "public.app-category.entertainment";
				INFOPLIST_KEY_NSHumanReadableCopyright = "";
				INFOPLIST_KEY_NSMainStoryboardFile = Main;
				INFOPLIST_KEY_NSPrincipalClass = NSApplication;
				LD_RUNPATH_SEARCH_PATHS = (
					"$(inherited)",
					"@executable_path/../Frameworks",
				);
				MARKETING_VERSION = "1.1 \"Pintinho Amarelinho\"";
				PRODUCT_BUNDLE_IDENTIFIER = com.KooParaMacOS.PiuPiu;
				PRODUCT_NAME = PiuPiu;
				SWIFT_EMIT_LOC_STRINGS = YES;
				SWIFT_VERSION = 5.0;
			};
			name = Debug;
		};
		AD4AD7C6292D4A7000B47608 /* Release */ = {
			isa = XCBuildConfiguration;
			buildSettings = {
				ASSETCATALOG_COMPILER_APPICON_NAME = AppIcon;
				ASSETCATALOG_COMPILER_GLOBAL_ACCENT_COLOR_NAME = AccentColor;
				ASSETCATALOG_COMPILER_INCLUDE_ALL_APPICON_ASSETS = YES;
				CODE_SIGN_ENTITLEMENTS = Piupiu/Piupiu.entitlements;
				CODE_SIGN_STYLE = Automatic;
				COMBINE_HIDPI_IMAGES = YES;
				CURRENT_PROJECT_VERSION = 1;
				DEVELOPMENT_TEAM = Y545FNA4F8;
				ENABLE_HARDENED_RUNTIME = YES;
				GENERATE_INFOPLIST_FILE = YES;
				INFOPLIST_KEY_LSApplicationCategoryType = "public.app-category.entertainment";
				INFOPLIST_KEY_NSHumanReadableCopyright = "";
				INFOPLIST_KEY_NSMainStoryboardFile = Main;
				INFOPLIST_KEY_NSPrincipalClass = NSApplication;
				LD_RUNPATH_SEARCH_PATHS = (
					"$(inherited)",
					"@executable_path/../Frameworks",
				);
				MARKETING_VERSION = "1.1 \"Pintinho Amarelinho\"";
				PRODUCT_BUNDLE_IDENTIFIER = com.KooParaMacOS.PiuPiu;
				PRODUCT_NAME = PiuPiu;
				SWIFT_EMIT_LOC_STRINGS = YES;
				SWIFT_VERSION = 5.0;
			};
			name = Release;
		};
		AD4AD7C8292D4A7000B47608 /* Debug */ = {
			isa = XCBuildConfiguration;
			buildSettings = {
				ALWAYS_EMBED_SWIFT_STANDARD_LIBRARIES = YES;
				BUNDLE_LOADER = "$(TEST_HOST)";
				CODE_SIGN_STYLE = Automatic;
				CURRENT_PROJECT_VERSION = 1;
				DEVELOPMENT_TEAM = Y545FNA4F8;
				GENERATE_INFOPLIST_FILE = YES;
				MACOSX_DEPLOYMENT_TARGET = 11.7;
				MARKETING_VERSION = 1.0;
				PRODUCT_BUNDLE_IDENTIFIER = com.KooParaMacOS.PiupiuTests;
				PRODUCT_NAME = "$(TARGET_NAME)";
				SWIFT_EMIT_LOC_STRINGS = NO;
				SWIFT_VERSION = 5.0;
				TEST_HOST = "$(BUILT_PRODUCTS_DIR)/Piupiu.app/Contents/MacOS/Piupiu";
			};
			name = Debug;
		};
		AD4AD7C9292D4A7000B47608 /* Release */ = {
			isa = XCBuildConfiguration;
			buildSettings = {
				ALWAYS_EMBED_SWIFT_STANDARD_LIBRARIES = YES;
				BUNDLE_LOADER = "$(TEST_HOST)";
				CODE_SIGN_STYLE = Automatic;
				CURRENT_PROJECT_VERSION = 1;
				DEVELOPMENT_TEAM = Y545FNA4F8;
				GENERATE_INFOPLIST_FILE = YES;
				MACOSX_DEPLOYMENT_TARGET = 11.7;
				MARKETING_VERSION = 1.0;
				PRODUCT_BUNDLE_IDENTIFIER = com.KooParaMacOS.PiupiuTests;
				PRODUCT_NAME = "$(TARGET_NAME)";
				SWIFT_EMIT_LOC_STRINGS = NO;
				SWIFT_VERSION = 5.0;
				TEST_HOST = "$(BUILT_PRODUCTS_DIR)/Piupiu.app/Contents/MacOS/Piupiu";
			};
			name = Release;
		};
		AD4AD7CB292D4A7000B47608 /* Debug */ = {
			isa = XCBuildConfiguration;
			buildSettings = {
				ALWAYS_EMBED_SWIFT_STANDARD_LIBRARIES = YES;
				CODE_SIGN_STYLE = Automatic;
				CURRENT_PROJECT_VERSION = 1;
				DEVELOPMENT_TEAM = Y545FNA4F8;
				GENERATE_INFOPLIST_FILE = YES;
				MARKETING_VERSION = 1.0;
				PRODUCT_BUNDLE_IDENTIFIER = com.KooParaMacOS.PiupiuUITests;
				PRODUCT_NAME = "$(TARGET_NAME)";
				SWIFT_EMIT_LOC_STRINGS = NO;
				SWIFT_VERSION = 5.0;
				TEST_TARGET_NAME = Piupiu;
			};
			name = Debug;
		};
		AD4AD7CC292D4A7000B47608 /* Release */ = {
			isa = XCBuildConfiguration;
			buildSettings = {
				ALWAYS_EMBED_SWIFT_STANDARD_LIBRARIES = YES;
				CODE_SIGN_STYLE = Automatic;
				CURRENT_PROJECT_VERSION = 1;
				DEVELOPMENT_TEAM = Y545FNA4F8;
				GENERATE_INFOPLIST_FILE = YES;
				MARKETING_VERSION = 1.0;
				PRODUCT_BUNDLE_IDENTIFIER = com.KooParaMacOS.PiupiuUITests;
				PRODUCT_NAME = "$(TARGET_NAME)";
				SWIFT_EMIT_LOC_STRINGS = NO;
				SWIFT_VERSION = 5.0;
				TEST_TARGET_NAME = Piupiu;
			};
			name = Release;
		};
/* End XCBuildConfiguration section */

/* Begin XCConfigurationList section */
		AD4AD79A292D4A6D00B47608 /* Build configuration list for PBXProject "Piupiu" */ = {
			isa = XCConfigurationList;
			buildConfigurations = (
				AD4AD7C2292D4A7000B47608 /* Debug */,
				AD4AD7C3292D4A7000B47608 /* Release */,
			);
			defaultConfigurationIsVisible = 0;
			defaultConfigurationName = Release;
		};
		AD4AD7C4292D4A7000B47608 /* Build configuration list for PBXNativeTarget "Piupiu" */ = {
			isa = XCConfigurationList;
			buildConfigurations = (
				AD4AD7C5292D4A7000B47608 /* Debug */,
				AD4AD7C6292D4A7000B47608 /* Release */,
			);
			defaultConfigurationIsVisible = 0;
			defaultConfigurationName = Release;
		};
		AD4AD7C7292D4A7000B47608 /* Build configuration list for PBXNativeTarget "PiupiuTests" */ = {
			isa = XCConfigurationList;
			buildConfigurations = (
				AD4AD7C8292D4A7000B47608 /* Debug */,
				AD4AD7C9292D4A7000B47608 /* Release */,
			);
			defaultConfigurationIsVisible = 0;
			defaultConfigurationName = Release;
		};
		AD4AD7CA292D4A7000B47608 /* Build configuration list for PBXNativeTarget "PiupiuUITests" */ = {
			isa = XCConfigurationList;
			buildConfigurations = (
				AD4AD7CB292D4A7000B47608 /* Debug */,
				AD4AD7CC292D4A7000B47608 /* Release */,
			);
			defaultConfigurationIsVisible = 0;
			defaultConfigurationName = Release;
		};
/* End XCConfigurationList section */
	};
	rootObject = AD4AD797292D4A6D00B47608 /* Project object */;
}
